
Microsoft Visual Studio Solution File, Format Version 12.00
# Visual Studio Version 17
VisualStudioVersion = 17.3.32901.215
MinimumVisualStudioVersion = 10.0.40219.1
Project("{2150E333-8FDC-42A3-9474-1A3956D46DE8}") = "Solution Items", "Solution Items", "{B5F3CAB7-C406-427D-A146-6DC932635D0C}"
	ProjectSection(SolutionItems) = preProject
		ServiceUrls.txt = ServiceUrls.txt
	EndProjectSection
EndProject
Project("{2150E333-8FDC-42A3-9474-1A3956D46DE8}") = "src", "src", "{83A4F898-96C6-469D-9141-FEF43D2D38CF}"
EndProject
Project("{2150E333-8FDC-42A3-9474-1A3956D46DE8}") = "ApiGateways", "ApiGateways", "{9BC416F7-C206-4EBA-A17A-0DCD91656EA8}"
EndProject
Project("{2150E333-8FDC-42A3-9474-1A3956D46DE8}") = "WebApiGateway", "WebApiGateway", "{7EF5510D-69C2-455A-BBED-BFD431C939F0}"
EndProject
Project("{2150E333-8FDC-42A3-9474-1A3956D46DE8}") = "BuildingBlocks", "BuildingBlocks", "{55C764E9-E457-4E3F-8153-D5C3BE901491}"
EndProject
Project("{2150E333-8FDC-42A3-9474-1A3956D46DE8}") = "EventBus", "EventBus", "{807F88F2-2A40-4675-85B2-6AA191C46C62}"
EndProject
Project("{9A19103F-16F7-4668-BE54-9A1E7A4F7556}") = "EventBus.Base", "src\BuildingBlocks\EventBus\EventBus.Base\EventBus.Base.csproj", "{F3912926-87D2-4800-837B-2969C9510FB3}"
EndProject
Project("{FAE04EC0-301F-11D3-BF4B-00C04F79EFBC}") = "EventBus.Factory", "src\BuildingBlocks\EventBus\EventBus.Factory\EventBus.Factory.csproj", "{C3A60FD6-81BD-4FBC-BB39-9765436CC253}"
EndProject
Project("{FAE04EC0-301F-11D3-BF4B-00C04F79EFBC}") = "EventBus.RabbitMQ", "src\BuildingBlocks\EventBus\EventBus.RabbitMQ\EventBus.RabbitMQ.csproj", "{4B22D001-53CD-40A7-BD46-CA6465698661}"
EndProject
Project("{FAE04EC0-301F-11D3-BF4B-00C04F79EFBC}") = "EventBus.AzureServiceBus", "src\BuildingBlocks\EventBus\EventBus.AzureServiceBus\EventBus.AzureServiceBus.csproj", "{1B44CC0F-5B87-4BE6-BCBB-70E1C036C0AF}"
EndProject
Project("{2150E333-8FDC-42A3-9474-1A3956D46DE8}") = "Clients", "Clients", "{D83C687A-8C93-4A4B-851E-76BBB3E4743A}"
EndProject
Project("{2150E333-8FDC-42A3-9474-1A3956D46DE8}") = "BlazorWebApplication", "BlazorWebApplication", "{A8B08D02-A432-455F-BCAF-918106D3D272}"
EndProject
Project("{FAE04EC0-301F-11D3-BF4B-00C04F79EFBC}") = "BlazorWebApplication", "src\Clients\BlazorWebApplication\BlazorWebApplication\BlazorWebApplication.csproj", "{4D436C37-14DF-4C03-8E14-156ED2A3EAC9}"
EndProject
Project("{FAE04EC0-301F-11D3-BF4B-00C04F79EFBC}") = "WebApiGateway", "src\ApiGateways\WebApiGateway\WebApiGateway\WebApiGateway.csproj", "{EA21DCF5-C2C1-402B-B6BB-74E8BDB22D2A}"
EndProject
Project("{2150E333-8FDC-42A3-9474-1A3956D46DE8}") = "Services", "Services", "{34DE2E97-A6CD-4EF5-8402-19BE2B045128}"
EndProject
Project("{2150E333-8FDC-42A3-9474-1A3956D46DE8}") = "BasketService", "BasketService", "{61AA79B8-33EE-4F3F-928C-DD2D84A96108}"
EndProject
Project("{FAE04EC0-301F-11D3-BF4B-00C04F79EFBC}") = "BasketService.API", "src\Services\BasketService\BasketService.API\BasketService.API.csproj", "{3F3181A8-DDEB-404E-9998-95455B70C62B}"
EndProject
Project("{2150E333-8FDC-42A3-9474-1A3956D46DE8}") = "CatalogService", "CatalogService", "{11723193-972E-419C-9BBC-144C2A10CF49}"
EndProject
Project("{FAE04EC0-301F-11D3-BF4B-00C04F79EFBC}") = "CatalogService.API", "src\Services\CatalogService\CatalogService.API\CatalogService.API.csproj", "{A266F4C4-0EDA-4185-9CD6-E81E4EE79986}"
EndProject
Project("{2150E333-8FDC-42A3-9474-1A3956D46DE8}") = "IdentityService", "IdentityService", "{B39ABBA5-372B-4E57-8CFD-F0E688B9840C}"
EndProject
Project("{FAE04EC0-301F-11D3-BF4B-00C04F79EFBC}") = "IdentityService.API", "src\Services\IdentityService\IdentityService.API\IdentityService.API.csproj", "{5D08EA9B-6318-418C-84EB-A5FD9120C010}"
EndProject
Project("{2150E333-8FDC-42A3-9474-1A3956D46DE8}") = "NotificationService", "NotificationService", "{747ECBB8-89CC-4AB1-9E34-D4A3328D781C}"
EndProject
Project("{FAE04EC0-301F-11D3-BF4B-00C04F79EFBC}") = "NotificationService", "src\Services\NotificationService\NotificationService\NotificationService.csproj", "{138AFA6A-EE0A-4533-8B52-B2B6C3A60445}"
EndProject
Project("{2150E333-8FDC-42A3-9474-1A3956D46DE8}") = "OrderService", "OrderService", "{9DB36AEA-0A40-437E-9340-CE5DCA4A35AE}"
EndProject
Project("{FAE04EC0-301F-11D3-BF4B-00C04F79EFBC}") = "OrderService.Domain", "src\Services\OrderService\OrderService.Domain\OrderService.Domain.csproj", "{83255DE9-F7B6-40AD-ADC7-030C8642D90D}"
EndProject
Project("{FAE04EC0-301F-11D3-BF4B-00C04F79EFBC}") = "OrderService.Application", "src\Services\OrderService\OrderService.Application\OrderService.Application.csproj", "{57E83D7A-8B89-4B65-B8EC-7F782D349EE1}"
EndProject
Project("{FAE04EC0-301F-11D3-BF4B-00C04F79EFBC}") = "OrderService.Infrastructure", "src\Services\OrderService\OrderService.Infrastructure\OrderService.Infrastructure.csproj", "{9F1AF72C-6583-473A-9FB0-82BFBD451B01}"
EndProject
Project("{FAE04EC0-301F-11D3-BF4B-00C04F79EFBC}") = "OrderService.API", "src\Services\OrderService\OrderService.API\OrderService.API.csproj", "{632A07DB-AEA3-43EB-8C41-695BC8D5468B}"
EndProject
Project("{2150E333-8FDC-42A3-9474-1A3956D46DE8}") = "PaymentService", "PaymentService", "{D51D1128-F7B5-4C8D-B911-4C2A56D39DF7}"
EndProject
Project("{FAE04EC0-301F-11D3-BF4B-00C04F79EFBC}") = "PaymentService.API", "src\Services\PaymentService\PaymentService.API\PaymentService.API.csproj", "{4AA7CF57-2CB1-4F4E-97A5-231C31058326}"
EndProject
Global
	GlobalSection(SolutionConfigurationPlatforms) = preSolution
		Debug|Any CPU = Debug|Any CPU
		Release|Any CPU = Release|Any CPU
	EndGlobalSection
	GlobalSection(ProjectConfigurationPlatforms) = postSolution
		{F3912926-87D2-4800-837B-2969C9510FB3}.Debug|Any CPU.ActiveCfg = Debug|Any CPU
		{F3912926-87D2-4800-837B-2969C9510FB3}.Debug|Any CPU.Build.0 = Debug|Any CPU
		{F3912926-87D2-4800-837B-2969C9510FB3}.Release|Any CPU.ActiveCfg = Release|Any CPU
		{F3912926-87D2-4800-837B-2969C9510FB3}.Release|Any CPU.Build.0 = Release|Any CPU
		{C3A60FD6-81BD-4FBC-BB39-9765436CC253}.Debug|Any CPU.ActiveCfg = Debug|Any CPU
		{C3A60FD6-81BD-4FBC-BB39-9765436CC253}.Debug|Any CPU.Build.0 = Debug|Any CPU
		{C3A60FD6-81BD-4FBC-BB39-9765436CC253}.Release|Any CPU.ActiveCfg = Release|Any CPU
		{C3A60FD6-81BD-4FBC-BB39-9765436CC253}.Release|Any CPU.Build.0 = Release|Any CPU
		{4B22D001-53CD-40A7-BD46-CA6465698661}.Debug|Any CPU.ActiveCfg = Debug|Any CPU
		{4B22D001-53CD-40A7-BD46-CA6465698661}.Debug|Any CPU.Build.0 = Debug|Any CPU
		{4B22D001-53CD-40A7-BD46-CA6465698661}.Release|Any CPU.ActiveCfg = Release|Any CPU
		{4B22D001-53CD-40A7-BD46-CA6465698661}.Release|Any CPU.Build.0 = Release|Any CPU
		{1B44CC0F-5B87-4BE6-BCBB-70E1C036C0AF}.Debug|Any CPU.ActiveCfg = Debug|Any CPU
		{1B44CC0F-5B87-4BE6-BCBB-70E1C036C0AF}.Debug|Any CPU.Build.0 = Debug|Any CPU
		{1B44CC0F-5B87-4BE6-BCBB-70E1C036C0AF}.Release|Any CPU.ActiveCfg = Release|Any CPU
		{1B44CC0F-5B87-4BE6-BCBB-70E1C036C0AF}.Release|Any CPU.Build.0 = Release|Any CPU
		{4D436C37-14DF-4C03-8E14-156ED2A3EAC9}.Debug|Any CPU.ActiveCfg = Debug|Any CPU
		{4D436C37-14DF-4C03-8E14-156ED2A3EAC9}.Debug|Any CPU.Build.0 = Debug|Any CPU
		{4D436C37-14DF-4C03-8E14-156ED2A3EAC9}.Release|Any CPU.ActiveCfg = Release|Any CPU
		{4D436C37-14DF-4C03-8E14-156ED2A3EAC9}.Release|Any CPU.Build.0 = Release|Any CPU
		{EA21DCF5-C2C1-402B-B6BB-74E8BDB22D2A}.Debug|Any CPU.ActiveCfg = Debug|Any CPU
		{EA21DCF5-C2C1-402B-B6BB-74E8BDB22D2A}.Debug|Any CPU.Build.0 = Debug|Any CPU
		{EA21DCF5-C2C1-402B-B6BB-74E8BDB22D2A}.Release|Any CPU.ActiveCfg = Release|Any CPU
		{EA21DCF5-C2C1-402B-B6BB-74E8BDB22D2A}.Release|Any CPU.Build.0 = Release|Any CPU
		{3F3181A8-DDEB-404E-9998-95455B70C62B}.Debug|Any CPU.ActiveCfg = Debug|Any CPU
		{3F3181A8-DDEB-404E-9998-95455B70C62B}.Debug|Any CPU.Build.0 = Debug|Any CPU
		{3F3181A8-DDEB-404E-9998-95455B70C62B}.Release|Any CPU.ActiveCfg = Release|Any CPU
		{3F3181A8-DDEB-404E-9998-95455B70C62B}.Release|Any CPU.Build.0 = Release|Any CPU
		{A266F4C4-0EDA-4185-9CD6-E81E4EE79986}.Debug|Any CPU.ActiveCfg = Debug|Any CPU
		{A266F4C4-0EDA-4185-9CD6-E81E4EE79986}.Debug|Any CPU.Build.0 = Debug|Any CPU
		{A266F4C4-0EDA-4185-9CD6-E81E4EE79986}.Release|Any CPU.ActiveCfg = Release|Any CPU
		{A266F4C4-0EDA-4185-9CD6-E81E4EE79986}.Release|Any CPU.Build.0 = Release|Any CPU
		{5D08EA9B-6318-418C-84EB-A5FD9120C010}.Debug|Any CPU.ActiveCfg = Debug|Any CPU
		{5D08EA9B-6318-418C-84EB-A5FD9120C010}.Debug|Any CPU.Build.0 = Debug|Any CPU
		{5D08EA9B-6318-418C-84EB-A5FD9120C010}.Release|Any CPU.ActiveCfg = Release|Any CPU
		{5D08EA9B-6318-418C-84EB-A5FD9120C010}.Release|Any CPU.Build.0 = Release|Any CPU
		{138AFA6A-EE0A-4533-8B52-B2B6C3A60445}.Debug|Any CPU.ActiveCfg = Debug|Any CPU
		{138AFA6A-EE0A-4533-8B52-B2B6C3A60445}.Debug|Any CPU.Build.0 = Debug|Any CPU
		{138AFA6A-EE0A-4533-8B52-B2B6C3A60445}.Release|Any CPU.ActiveCfg = Release|Any CPU
		{138AFA6A-EE0A-4533-8B52-B2B6C3A60445}.Release|Any CPU.Build.0 = Release|Any CPU
		{83255DE9-F7B6-40AD-ADC7-030C8642D90D}.Debug|Any CPU.ActiveCfg = Debug|Any CPU
		{83255DE9-F7B6-40AD-ADC7-030C8642D90D}.Debug|Any CPU.Build.0 = Debug|Any CPU
		{83255DE9-F7B6-40AD-ADC7-030C8642D90D}.Release|Any CPU.ActiveCfg = Release|Any CPU
		{83255DE9-F7B6-40AD-ADC7-030C8642D90D}.Release|Any CPU.Build.0 = Release|Any CPU
		{57E83D7A-8B89-4B65-B8EC-7F782D349EE1}.Debug|Any CPU.ActiveCfg = Debug|Any CPU
		{57E83D7A-8B89-4B65-B8EC-7F782D349EE1}.Debug|Any CPU.Build.0 = Debug|Any CPU
		{57E83D7A-8B89-4B65-B8EC-7F782D349EE1}.Release|Any CPU.ActiveCfg = Release|Any CPU
		{57E83D7A-8B89-4B65-B8EC-7F782D349EE1}.Release|Any CPU.Build.0 = Release|Any CPU
		{9F1AF72C-6583-473A-9FB0-82BFBD451B01}.Debug|Any CPU.ActiveCfg = Debug|Any CPU
		{9F1AF72C-6583-473A-9FB0-82BFBD451B01}.Debug|Any CPU.Build.0 = Debug|Any CPU
		{9F1AF72C-6583-473A-9FB0-82BFBD451B01}.Release|Any CPU.ActiveCfg = Release|Any CPU
		{9F1AF72C-6583-473A-9FB0-82BFBD451B01}.Release|Any CPU.Build.0 = Release|Any CPU
		{632A07DB-AEA3-43EB-8C41-695BC8D5468B}.Debug|Any CPU.ActiveCfg = Debug|Any CPU
		{632A07DB-AEA3-43EB-8C41-695BC8D5468B}.Debug|Any CPU.Build.0 = Debug|Any CPU
		{632A07DB-AEA3-43EB-8C41-695BC8D5468B}.Release|Any CPU.ActiveCfg = Release|Any CPU
		{632A07DB-AEA3-43EB-8C41-695BC8D5468B}.Release|Any CPU.Build.0 = Release|Any CPU
		{4AA7CF57-2CB1-4F4E-97A5-231C31058326}.Debug|Any CPU.ActiveCfg = Debug|Any CPU
		{4AA7CF57-2CB1-4F4E-97A5-231C31058326}.Debug|Any CPU.Build.0 = Debug|Any CPU
		{4AA7CF57-2CB1-4F4E-97A5-231C31058326}.Release|Any CPU.ActiveCfg = Release|Any CPU
		{4AA7CF57-2CB1-4F4E-97A5-231C31058326}.Release|Any CPU.Build.0 = Release|Any CPU
	EndGlobalSection
	GlobalSection(SolutionProperties) = preSolution
		HideSolutionNode = FALSE
	EndGlobalSection
	GlobalSection(NestedProjects) = preSolution
		{9BC416F7-C206-4EBA-A17A-0DCD91656EA8} = {83A4F898-96C6-469D-9141-FEF43D2D38CF}
		{7EF5510D-69C2-455A-BBED-BFD431C939F0} = {9BC416F7-C206-4EBA-A17A-0DCD91656EA8}
		{55C764E9-E457-4E3F-8153-D5C3BE901491} = {83A4F898-96C6-469D-9141-FEF43D2D38CF}
		{807F88F2-2A40-4675-85B2-6AA191C46C62} = {55C764E9-E457-4E3F-8153-D5C3BE901491}
		{F3912926-87D2-4800-837B-2969C9510FB3} = {807F88F2-2A40-4675-85B2-6AA191C46C62}
		{C3A60FD6-81BD-4FBC-BB39-9765436CC253} = {807F88F2-2A40-4675-85B2-6AA191C46C62}
		{4B22D001-53CD-40A7-BD46-CA6465698661} = {807F88F2-2A40-4675-85B2-6AA191C46C62}
		{1B44CC0F-5B87-4BE6-BCBB-70E1C036C0AF} = {807F88F2-2A40-4675-85B2-6AA191C46C62}
		{D83C687A-8C93-4A4B-851E-76BBB3E4743A} = {83A4F898-96C6-469D-9141-FEF43D2D38CF}
		{A8B08D02-A432-455F-BCAF-918106D3D272} = {D83C687A-8C93-4A4B-851E-76BBB3E4743A}
		{4D436C37-14DF-4C03-8E14-156ED2A3EAC9} = {A8B08D02-A432-455F-BCAF-918106D3D272}
		{EA21DCF5-C2C1-402B-B6BB-74E8BDB22D2A} = {7EF5510D-69C2-455A-BBED-BFD431C939F0}
		{34DE2E97-A6CD-4EF5-8402-19BE2B045128} = {83A4F898-96C6-469D-9141-FEF43D2D38CF}
		{61AA79B8-33EE-4F3F-928C-DD2D84A96108} = {34DE2E97-A6CD-4EF5-8402-19BE2B045128}
		{3F3181A8-DDEB-404E-9998-95455B70C62B} = {61AA79B8-33EE-4F3F-928C-DD2D84A96108}
		{11723193-972E-419C-9BBC-144C2A10CF49} = {34DE2E97-A6CD-4EF5-8402-19BE2B045128}
		{A266F4C4-0EDA-4185-9CD6-E81E4EE79986} = {11723193-972E-419C-9BBC-144C2A10CF49}
		{B39ABBA5-372B-4E57-8CFD-F0E688B9840C} = {34DE2E97-A6CD-4EF5-8402-19BE2B045128}
		{5D08EA9B-6318-418C-84EB-A5FD9120C010} = {B39ABBA5-372B-4E57-8CFD-F0E688B9840C}
		{747ECBB8-89CC-4AB1-9E34-D4A3328D781C} = {34DE2E97-A6CD-4EF5-8402-19BE2B045128}
		{138AFA6A-EE0A-4533-8B52-B2B6C3A60445} = {747ECBB8-89CC-4AB1-9E34-D4A3328D781C}
		{9DB36AEA-0A40-437E-9340-CE5DCA4A35AE} = {34DE2E97-A6CD-4EF5-8402-19BE2B045128}
		{83255DE9-F7B6-40AD-ADC7-030C8642D90D} = {9DB36AEA-0A40-437E-9340-CE5DCA4A35AE}
		{57E83D7A-8B89-4B65-B8EC-7F782D349EE1} = {9DB36AEA-0A40-437E-9340-CE5DCA4A35AE}
		{9F1AF72C-6583-473A-9FB0-82BFBD451B01} = {9DB36AEA-0A40-437E-9340-CE5DCA4A35AE}
		{632A07DB-AEA3-43EB-8C41-695BC8D5468B} = {9DB36AEA-0A40-437E-9340-CE5DCA4A35AE}
		{D51D1128-F7B5-4C8D-B911-4C2A56D39DF7} = {34DE2E97-A6CD-4EF5-8402-19BE2B045128}
		{4AA7CF57-2CB1-4F4E-97A5-231C31058326} = {D51D1128-F7B5-4C8D-B911-4C2A56D39DF7}
	EndGlobalSection
	GlobalSection(ExtensibilityGlobals) = postSolution
		SolutionGuid = {76D184F9-14B0-4386-987A-7F403D241AE4}
	EndGlobalSection
EndGlobal
